
Microsoft Visual Studio Solution File, Format Version 12.00
# Visual Studio Version 16
VisualStudioVersion = 16.0.30011.22
MinimumVisualStudioVersion = 10.0.40219.1
Project("{9A19103F-16F7-4668-BE54-9A1E7A4F7556}") = "Opticasion", "Opticasion.csproj", "{798338BB-EE16-445E-9C3C-A8B800F6E76C}"
EndProject
Global
	GlobalSection(SolutionConfigurationPlatforms) = preSolution
		Debug|Any CPU = Debug|Any CPU
		Release|Any CPU = Release|Any CPU
	EndGlobalSection
	GlobalSection(ProjectConfigurationPlatforms) = postSolution
		{798338BB-EE16-445E-9C3C-A8B800F6E76C}.Debug|Any CPU.ActiveCfg = Debug|Any CPU
		{798338BB-EE16-445E-9C3C-A8B800F6E76C}.Debug|Any CPU.Build.0 = Debug|Any CPU
		{798338BB-EE16-445E-9C3C-A8B800F6E76C}.Release|Any CPU.ActiveCfg = Release|Any CPU
		{798338BB-EE16-445E-9C3C-A8B800F6E76C}.Release|Any CPU.Build.0 = Release|Any CPU
	EndGlobalSection
	GlobalSection(SolutionProperties) = preSolution
		HideSolutionNode = FALSE
	EndGlobalSection
	GlobalSection(ExtensibilityGlobals) = postSolution
		SolutionGuid = {0B1A7203-102A-49BF-ADBC-F0C2B05C4BA4}
	EndGlobalSection
EndGlobal
